
Microsoft Visual Studio Solution File, Format Version 12.00
# Visual Studio Version 16
VisualStudioVersion = 16.0.30907.101
MinimumVisualStudioVersion = 10.0.40219.1
Project("{FAE04EC0-301F-11D3-BF4B-00C04F79EFBC}") = "Bookstore.WebApi", "Bookstore.WebApi\Bookstore.WebApi.csproj", "{0E399425-C2AD-448A-AA84-A127685F276F}"
EndProject
Project("{FAE04EC0-301F-11D3-BF4B-00C04F79EFBC}") = "Bookstore.Core", "Bookstore.Core\Bookstore.Core.csproj", "{73A6681F-E7DC-4310-8CD1-AF2966297C72}"
EndProject
Global
	GlobalSection(SolutionConfigurationPlatforms) = preSolution
		Debug|Any CPU = Debug|Any CPU
		Release|Any CPU = Release|Any CPU
	EndGlobalSection
	GlobalSection(ProjectConfigurationPlatforms) = postSolution
		{0E399425-C2AD-448A-AA84-A127685F276F}.Debug|Any CPU.ActiveCfg = Debug|Any CPU
		{0E399425-C2AD-448A-AA84-A127685F276F}.Debug|Any CPU.Build.0 = Debug|Any CPU
		{0E399425-C2AD-448A-AA84-A127685F276F}.Release|Any CPU.ActiveCfg = Release|Any CPU
		{0E399425-C2AD-448A-AA84-A127685F276F}.Release|Any CPU.Build.0 = Release|Any CPU
		{73A6681F-E7DC-4310-8CD1-AF2966297C72}.Debug|Any CPU.ActiveCfg = Debug|Any CPU
		{73A6681F-E7DC-4310-8CD1-AF2966297C72}.Debug|Any CPU.Build.0 = Debug|Any CPU
		{73A6681F-E7DC-4310-8CD1-AF2966297C72}.Release|Any CPU.ActiveCfg = Release|Any CPU
		{73A6681F-E7DC-4310-8CD1-AF2966297C72}.Release|Any CPU.Build.0 = Release|Any CPU
	EndGlobalSection
	GlobalSection(SolutionProperties) = preSolution
		HideSolutionNode = FALSE
	EndGlobalSection
	GlobalSection(ExtensibilityGlobals) = postSolution
		SolutionGuid = {0C3D234E-8177-40EA-9A55-8E41A6A0968C}
	EndGlobalSection
EndGlobal
